
Microsoft Visual Studio Solution File, Format Version 12.00
# Visual Studio 2015
Project("{FAE04EC0-301F-11D3-BF4B-00C04F79EFBC}") = "CaveGenerator.CSharp", "CaveGenerator.CSharp.csproj", "{ADAAFD6C-C1DE-4B05-DB07-56F68223E781}"
EndProject
Project("{FAE04EC0-301F-11D3-BF4B-00C04F79EFBC}") = "CaveGenerator.CSharp.Editor", "CaveGenerator.CSharp.Editor.csproj", "{3D19F047-F1DE-CE0A-2C16-8A05AE1DE0FE}"
EndProject
Global
	GlobalSection(SolutionConfigurationPlatforms) = preSolution
		Debug|Any CPU = Debug|Any CPU
		Release|Any CPU = Release|Any CPU
	EndGlobalSection
	GlobalSection(ProjectConfigurationPlatforms) = postSolution
		{ADAAFD6C-C1DE-4B05-DB07-56F68223E781}.Debug|Any CPU.ActiveCfg = Debug|Any CPU
		{ADAAFD6C-C1DE-4B05-DB07-56F68223E781}.Debug|Any CPU.Build.0 = Debug|Any CPU
		{ADAAFD6C-C1DE-4B05-DB07-56F68223E781}.Release|Any CPU.ActiveCfg = Release|Any CPU
		{ADAAFD6C-C1DE-4B05-DB07-56F68223E781}.Release|Any CPU.Build.0 = Release|Any CPU
		{3D19F047-F1DE-CE0A-2C16-8A05AE1DE0FE}.Debug|Any CPU.ActiveCfg = Debug|Any CPU
		{3D19F047-F1DE-CE0A-2C16-8A05AE1DE0FE}.Debug|Any CPU.Build.0 = Debug|Any CPU
		{3D19F047-F1DE-CE0A-2C16-8A05AE1DE0FE}.Release|Any CPU.ActiveCfg = Release|Any CPU
		{3D19F047-F1DE-CE0A-2C16-8A05AE1DE0FE}.Release|Any CPU.Build.0 = Release|Any CPU
	EndGlobalSection
	GlobalSection(SolutionProperties) = preSolution
		HideSolutionNode = FALSE
	EndGlobalSection
EndGlobal
