
Microsoft Visual Studio Solution File, Format Version 12.00
# Visual Studio 2015
Project("{FAE04EC0-301F-11D3-BF4B-00C04F79EFBC}") = "CellularAutomata.CSharp", "CellularAutomata.CSharp.csproj", "{A0E5AAEA-F866-696A-4362-45640B7BADAE}"
EndProject
Project("{FAE04EC0-301F-11D3-BF4B-00C04F79EFBC}") = "CellularAutomata.CSharp.Editor", "CellularAutomata.CSharp.Editor.csproj", "{77791EBB-4EA8-6C49-5BC3-9F5201E65612}"
EndProject
Global
	GlobalSection(SolutionConfigurationPlatforms) = preSolution
		Debug|Any CPU = Debug|Any CPU
		Release|Any CPU = Release|Any CPU
	EndGlobalSection
	GlobalSection(ProjectConfigurationPlatforms) = postSolution
		{A0E5AAEA-F866-696A-4362-45640B7BADAE}.Debug|Any CPU.ActiveCfg = Debug|Any CPU
		{A0E5AAEA-F866-696A-4362-45640B7BADAE}.Debug|Any CPU.Build.0 = Debug|Any CPU
		{A0E5AAEA-F866-696A-4362-45640B7BADAE}.Release|Any CPU.ActiveCfg = Release|Any CPU
		{A0E5AAEA-F866-696A-4362-45640B7BADAE}.Release|Any CPU.Build.0 = Release|Any CPU
		{77791EBB-4EA8-6C49-5BC3-9F5201E65612}.Debug|Any CPU.ActiveCfg = Debug|Any CPU
		{77791EBB-4EA8-6C49-5BC3-9F5201E65612}.Debug|Any CPU.Build.0 = Debug|Any CPU
		{77791EBB-4EA8-6C49-5BC3-9F5201E65612}.Release|Any CPU.ActiveCfg = Release|Any CPU
		{77791EBB-4EA8-6C49-5BC3-9F5201E65612}.Release|Any CPU.Build.0 = Release|Any CPU
	EndGlobalSection
	GlobalSection(SolutionProperties) = preSolution
		HideSolutionNode = FALSE
	EndGlobalSection
EndGlobal
